
Microsoft Visual Studio Solution File, Format Version 12.00
# Visual Studio Version 16
VisualStudioVersion = 16.0.31729.503
MinimumVisualStudioVersion = 10.0.40219.1
Project("{FAE04EC0-301F-11D3-BF4B-00C04F79EFBC}") = "calculatrice", "calculatrice\calculatrice.csproj", "{8D8D88EB-664D-42F1-AB8F-956FE85183CD}"
EndProject
Global
	GlobalSection(SolutionConfigurationPlatforms) = preSolution
		Debug|Any CPU = Debug|Any CPU
		Release|Any CPU = Release|Any CPU
	EndGlobalSection
	GlobalSection(ProjectConfigurationPlatforms) = postSolution
		{8D8D88EB-664D-42F1-AB8F-956FE85183CD}.Debug|Any CPU.ActiveCfg = Debug|Any CPU
		{8D8D88EB-664D-42F1-AB8F-956FE85183CD}.Debug|Any CPU.Build.0 = Debug|Any CPU
		{8D8D88EB-664D-42F1-AB8F-956FE85183CD}.Release|Any CPU.ActiveCfg = Release|Any CPU
		{8D8D88EB-664D-42F1-AB8F-956FE85183CD}.Release|Any CPU.Build.0 = Release|Any CPU
	EndGlobalSection
	GlobalSection(SolutionProperties) = preSolution
		HideSolutionNode = FALSE
	EndGlobalSection
	GlobalSection(ExtensibilityGlobals) = postSolution
		SolutionGuid = {A3EB0D41-ADED-4D7F-89DE-A0494B8ED31B}
	EndGlobalSection
EndGlobal
